
Microsoft Visual Studio Solution File, Format Version 12.00
# Visual Studio Version 16
VisualStudioVersion = 16.0.31729.503
MinimumVisualStudioVersion = 10.0.40219.1
Project("{FAE04EC0-301F-11D3-BF4B-00C04F79EFBC}") = "hw3", "hw3.csproj", "{8E96D884-E10B-46BA-A6F0-DBAAC6D91AE0}"
EndProject
Global
	GlobalSection(SolutionConfigurationPlatforms) = preSolution
		Debug|Any CPU = Debug|Any CPU
		Release|Any CPU = Release|Any CPU
	EndGlobalSection
	GlobalSection(ProjectConfigurationPlatforms) = postSolution
		{8E96D884-E10B-46BA-A6F0-DBAAC6D91AE0}.Debug|Any CPU.ActiveCfg = Debug|Any CPU
		{8E96D884-E10B-46BA-A6F0-DBAAC6D91AE0}.Debug|Any CPU.Build.0 = Debug|Any CPU
		{8E96D884-E10B-46BA-A6F0-DBAAC6D91AE0}.Release|Any CPU.ActiveCfg = Release|Any CPU
		{8E96D884-E10B-46BA-A6F0-DBAAC6D91AE0}.Release|Any CPU.Build.0 = Release|Any CPU
	EndGlobalSection
	GlobalSection(SolutionProperties) = preSolution
		HideSolutionNode = FALSE
	EndGlobalSection
	GlobalSection(ExtensibilityGlobals) = postSolution
		SolutionGuid = {A49377EA-B8A2-4277-B015-7A595A70DEA4}
	EndGlobalSection
EndGlobal
